<?xml version="1.0" encoding="utf-8"?>
<Project ToolsVersion="4.0" xmlns="http://schemas.microsoft.com/developer/msbuild/2003">
  <ItemGroup>
    <Filter Include="Source Files">
      <UniqueIdentifier>{4FC737F1-C7A5-4376-A066-2A32D752A2FF}</UniqueIdentifier>
      <Extensions>cpp;c;cc;cxx;c++;cppm;ixx;def;odl;idl;hpj;bat;asm;asmx</Extensions>
    </Filter>
    <Filter Include="Header Files">
      <UniqueIdentifier>{93995380-89BD-4b04-88EB-625FBE52EBFB}</UniqueIdentifier>
      <Extensions>h;hh;hpp;hxx;h++;hm;inl;inc;ipp;xsd</Extensions>
    </Filter>
    <Filter Include="AST">
      <UniqueIdentifier>{8e76918f-9a7a-48ee-9a4c-50b0103e784a}</UniqueIdentifier>
    </Filter>
    <Filter Include="Passes">
      <UniqueIdentifier>{fe22c8b8-4147-4d7e-a0b1-be6ec94c6499}</UniqueIdentifier>
    </Filter>
  </ItemGroup>
  <ItemGroup>
    <ClCompile Include="main.cpp">
      <Filter>Source Files</Filter>
    </ClCompile>
    <ClCompile Include="RedyLexer.cpp">
      <Filter>Source Files</Filter>
    </ClCompile>
    <ClCompile Include="RedyParser.cpp">
      <Filter>Source Files</Filter>
    </ClCompile>
    <ClCompile Include="Logger.cpp">
      <Filter>Source Files</Filter>
    </ClCompile>
    <ClCompile Include="CodeGen.cpp">
      <Filter>Passes</Filter>
    </ClCompile>
    <ClCompile Include="Register.cpp">
      <Filter>Passes</Filter>
    </ClCompile>
    <ClCompile Include="TypeCheck.cpp">
      <Filter>Passes</Filter>
    </ClCompile>
    <ClCompile Include="GenLLVMType.cpp">
      <Filter>Passes</Filter>
    </ClCompile>
    <ClCompile Include="RedyModule.cpp">
      <Filter>Source Files</Filter>
    </ClCompile>
    <ClCompile Include="VariableAST.cpp">
      <Filter>AST</Filter>
    </ClCompile>
    <ClCompile Include="ExprAST.cpp">
      <Filter>AST</Filter>
    </ClCompile>
    <ClCompile Include="TypeDeclAST.cpp">
      <Filter>AST</Filter>
    </ClCompile>
    <ClCompile Include="StatementAST.cpp">
      <Filter>AST</Filter>
    </ClCompile>
    <ClCompile Include="ReturnStatement.cpp">
      <Filter>AST</Filter>
    </ClCompile>
    <ClCompile Include="BuiltInTypes.cpp">
      <Filter>Source Files</Filter>
    </ClCompile>
    <ClCompile Include="Project.cpp">
      <Filter>Source Files</Filter>
    </ClCompile>
    <ClCompile Include="TypeCheckCtx.cpp">
      <Filter>Source Files</Filter>
    </ClCompile>
  </ItemGroup>
  <ItemGroup>
    <ClInclude Include="Lexer.h">
      <Filter>Header Files</Filter>
    </ClInclude>
    <ClInclude Include="RedyLexer.h">
      <Filter>Header Files</Filter>
    </ClInclude>
    <ClInclude Include="RedyParser.h">
      <Filter>Header Files</Filter>
    </ClInclude>
    <ClInclude Include="Logger.h">
      <Filter>Header Files</Filter>
    </ClInclude>
    <ClInclude Include="CodeGenCtx.h">
      <Filter>Header Files</Filter>
    </ClInclude>
    <ClInclude Include="Test.h">
      <Filter>Header Files</Filter>
    </ClInclude>
    <ClInclude Include="AST.h">
      <Filter>AST</Filter>
    </ClInclude>
    <ClInclude Include="BinOpExpr.h">
      <Filter>AST</Filter>
    </ClInclude>
    <ClInclude Include="BlockStatement.h">
      <Filter>AST</Filter>
    </ClInclude>
    <ClInclude Include="CallExpr.h">
      <Filter>AST</Filter>
    </ClInclude>
    <ClInclude Include="ExprAST.h">
      <Filter>AST</Filter>
    </ClInclude>
    <ClInclude Include="ExprStatement.h">
      <Filter>AST</Filter>
    </ClInclude>
    <ClInclude Include="FieldAST.h">
      <Filter>AST</Filter>
    </ClInclude>
    <ClInclude Include="FloatExpr.h">
      <Filter>AST</Filter>
    </ClInclude>
    <ClInclude Include="FuncAST.h">
      <Filter>AST</Filter>
    </ClInclude>
    <ClInclude Include="IntExpr.h">
      <Filter>AST</Filter>
    </ClInclude>
    <ClInclude Include="ProtoAST.h">
      <Filter>AST</Filter>
    </ClInclude>
    <ClInclude Include="ReturnStatement.h">
      <Filter>AST</Filter>
    </ClInclude>
    <ClInclude Include="StatementAST.h">
      <Filter>AST</Filter>
    </ClInclude>
    <ClInclude Include="StructAST.h">
      <Filter>AST</Filter>
    </ClInclude>
    <ClInclude Include="TypeAST.h">
      <Filter>AST</Filter>
    </ClInclude>
    <ClInclude Include="UnaryExpr.h">
      <Filter>AST</Filter>
    </ClInclude>
    <ClInclude Include="VariableAST.h">
      <Filter>AST</Filter>
    </ClInclude>
    <ClInclude Include="VariableDeclStatement.h">
      <Filter>AST</Filter>
    </ClInclude>
    <ClInclude Include="VariableExpr.h">
      <Filter>AST</Filter>
    </ClInclude>
    <ClInclude Include="VisibilityAST.h">
      <Filter>AST</Filter>
    </ClInclude>
    <ClInclude Include="ExprPtr.h">
      <Filter>AST</Filter>
    </ClInclude>
    <ClInclude Include="TypeDeclAST.h">
      <Filter>AST</Filter>
    </ClInclude>
    <ClInclude Include="RedyModule.h">
      <Filter>Header Files</Filter>
    </ClInclude>
    <ClInclude Include="SymbolAST.h">
      <Filter>AST</Filter>
    </ClInclude>
    <ClInclude Include="ParamAST.h">
      <Filter>AST</Filter>
    </ClInclude>
    <ClInclude Include="IfStatement.h">
      <Filter>AST</Filter>
    </ClInclude>
    <ClInclude Include="BoolExpr.h">
      <Filter>AST</Filter>
    </ClInclude>
    <ClInclude Include="BuiltInTypes.h">
      <Filter>Header Files</Filter>
    </ClInclude>
    <ClInclude Include="Project.h">
      <Filter>Header Files</Filter>
    </ClInclude>
    <ClInclude Include="NamespaceAccessExpr.h">
      <Filter>AST</Filter>
    </ClInclude>
    <ClInclude Include="UseDeclAST.h">
      <Filter>AST</Filter>
    </ClInclude>
    <ClInclude Include="TraitAST.h">
      <Filter>AST</Filter>
    </ClInclude>
    <ClInclude Include="TextPos.h">
      <Filter>Header Files</Filter>
    </ClInclude>
    <ClInclude Include="TypeCheckCtx.h">
      <Filter>Header Files</Filter>
    </ClInclude>
    <ClInclude Include="NodeAST.h">
      <Filter>AST</Filter>
    </ClInclude>
  </ItemGroup>
</Project>